
Microsoft Visual Studio Solution File, Format Version 12.00
# Visual Studio Version 17
VisualStudioVersion = 17.3.32929.385
MinimumVisualStudioVersion = 10.0.40219.1
Project("{FAE04EC0-301F-11D3-BF4B-00C04F79EFBC}") = "Core.App.Api", "Core.App.Api\Core.App.Api.csproj", "{B25AB8AE-B669-442C-AA01-6AA3F209A03B}"
EndProject
Project("{FAE04EC0-301F-11D3-BF4B-00C04F79EFBC}") = "AccessPoint", "AccessPoint\AccessPoint.csproj", "{C0B45A01-CC9C-4283-ADE2-ED590F93EFC2}"
EndProject
Global
	GlobalSection(SolutionConfigurationPlatforms) = preSolution
		Debug|Any CPU = Debug|Any CPU
		Release|Any CPU = Release|Any CPU
	EndGlobalSection
	GlobalSection(ProjectConfigurationPlatforms) = postSolution
		{B25AB8AE-B669-442C-AA01-6AA3F209A03B}.Debug|Any CPU.ActiveCfg = Debug|Any CPU
		{B25AB8AE-B669-442C-AA01-6AA3F209A03B}.Debug|Any CPU.Build.0 = Debug|Any CPU
		{B25AB8AE-B669-442C-AA01-6AA3F209A03B}.Release|Any CPU.ActiveCfg = Release|Any CPU
		{B25AB8AE-B669-442C-AA01-6AA3F209A03B}.Release|Any CPU.Build.0 = Release|Any CPU
		{C0B45A01-CC9C-4283-ADE2-ED590F93EFC2}.Debug|Any CPU.ActiveCfg = Debug|Any CPU
		{C0B45A01-CC9C-4283-ADE2-ED590F93EFC2}.Debug|Any CPU.Build.0 = Debug|Any CPU
		{C0B45A01-CC9C-4283-ADE2-ED590F93EFC2}.Release|Any CPU.ActiveCfg = Release|Any CPU
		{C0B45A01-CC9C-4283-ADE2-ED590F93EFC2}.Release|Any CPU.Build.0 = Release|Any CPU
	EndGlobalSection
	GlobalSection(SolutionProperties) = preSolution
		HideSolutionNode = FALSE
	EndGlobalSection
	GlobalSection(ExtensibilityGlobals) = postSolution
		SolutionGuid = {0FAA693B-7AAB-4B6F-8635-C8CB28190AD1}
	EndGlobalSection
EndGlobal
